
Microsoft Visual Studio Solution File, Format Version 12.00
# Visual Studio Version 17
VisualStudioVersion = 17.3.32901.215
MinimumVisualStudioVersion = 10.0.40219.1
Project("{FAE04EC0-301F-11D3-BF4B-00C04F79EFBC}") = "UI", "UI\UI.csproj", "{4C46C60D-9A95-4663-BEEB-21DF965BF4A7}"
EndProject
Project("{FAE04EC0-301F-11D3-BF4B-00C04F79EFBC}") = "Checker", "Checker\Checker.csproj", "{3916DE3F-2EAC-4052-8415-06E01729D418}"
EndProject
Project("{FAE04EC0-301F-11D3-BF4B-00C04F79EFBC}") = "Models", "Models\Models.csproj", "{BE50B895-F553-4347-8A9A-0443A633735A}"
EndProject
Project("{FAE04EC0-301F-11D3-BF4B-00C04F79EFBC}") = "ManageDb", "ManageDb\ManageDb.csproj", "{074B9E50-7C2B-4D1F-994D-E123121B15A7}"
EndProject
Global
	GlobalSection(SolutionConfigurationPlatforms) = preSolution
		Debug|Any CPU = Debug|Any CPU
		Release|Any CPU = Release|Any CPU
	EndGlobalSection
	GlobalSection(ProjectConfigurationPlatforms) = postSolution
		{4C46C60D-9A95-4663-BEEB-21DF965BF4A7}.Debug|Any CPU.ActiveCfg = Debug|Any CPU
		{4C46C60D-9A95-4663-BEEB-21DF965BF4A7}.Debug|Any CPU.Build.0 = Debug|Any CPU
		{4C46C60D-9A95-4663-BEEB-21DF965BF4A7}.Release|Any CPU.ActiveCfg = Release|Any CPU
		{4C46C60D-9A95-4663-BEEB-21DF965BF4A7}.Release|Any CPU.Build.0 = Release|Any CPU
		{3916DE3F-2EAC-4052-8415-06E01729D418}.Debug|Any CPU.ActiveCfg = Debug|Any CPU
		{3916DE3F-2EAC-4052-8415-06E01729D418}.Debug|Any CPU.Build.0 = Debug|Any CPU
		{3916DE3F-2EAC-4052-8415-06E01729D418}.Release|Any CPU.ActiveCfg = Release|Any CPU
		{3916DE3F-2EAC-4052-8415-06E01729D418}.Release|Any CPU.Build.0 = Release|Any CPU
		{BE50B895-F553-4347-8A9A-0443A633735A}.Debug|Any CPU.ActiveCfg = Debug|Any CPU
		{BE50B895-F553-4347-8A9A-0443A633735A}.Debug|Any CPU.Build.0 = Debug|Any CPU
		{BE50B895-F553-4347-8A9A-0443A633735A}.Release|Any CPU.ActiveCfg = Release|Any CPU
		{BE50B895-F553-4347-8A9A-0443A633735A}.Release|Any CPU.Build.0 = Release|Any CPU
		{074B9E50-7C2B-4D1F-994D-E123121B15A7}.Debug|Any CPU.ActiveCfg = Debug|Any CPU
		{074B9E50-7C2B-4D1F-994D-E123121B15A7}.Debug|Any CPU.Build.0 = Debug|Any CPU
		{074B9E50-7C2B-4D1F-994D-E123121B15A7}.Release|Any CPU.ActiveCfg = Release|Any CPU
		{074B9E50-7C2B-4D1F-994D-E123121B15A7}.Release|Any CPU.Build.0 = Release|Any CPU
	EndGlobalSection
	GlobalSection(SolutionProperties) = preSolution
		HideSolutionNode = FALSE
	EndGlobalSection
	GlobalSection(ExtensibilityGlobals) = postSolution
		SolutionGuid = {5EB20CAE-9596-4935-923A-A9E20FFA4CA7}
	EndGlobalSection
EndGlobal
